
Microsoft Visual Studio Solution File, Format Version 12.00
# Visual Studio 14
VisualStudioVersion = 14.0.23107.0
MinimumVisualStudioVersion = 10.0.40219.1
Project("{FAE04EC0-301F-11D3-BF4B-00C04F79EFBC}") = "NNodeTreeDemo", "01-Tree\01-N-node-tree\NNodeTreeDemo.csproj", "{AD812324-266D-4211-A850-7A074E5419A2}"
EndProject
Project("{FAE04EC0-301F-11D3-BF4B-00C04F79EFBC}") = "Tree", "01-Tree\Tree\Tree.csproj", "{7C3845BB-CD60-449E-9B0B-528C042458CB}"
EndProject
Project("{2150E333-8FDC-42A3-9474-1A3956D46DE8}") = "01-Tree", "01-Tree", "{F3915514-B26C-4018-B238-FC50A6509B7D}"
EndProject
Project("{FAE04EC0-301F-11D3-BF4B-00C04F79EFBC}") = "DirectoryTraversal", "02-Traverse-directory\02-Directory-traversal\DirectoryTraversal.csproj", "{AC9FAFEC-2172-42E2-B7C5-442E41ECD4A0}"
EndProject
Project("{FAE04EC0-301F-11D3-BF4B-00C04F79EFBC}") = "Extensions", "02-Traverse-directory\Extensions\Extensions.csproj", "{3E852BAD-4124-45EB-9B08-4562991C94F8}"
EndProject
Project("{2150E333-8FDC-42A3-9474-1A3956D46DE8}") = "02-Traverse-directory", "02-Traverse-directory", "{6E4AA1C0-8B27-44D6-830C-39A74EE49108}"
EndProject
Project("{2150E333-8FDC-42A3-9474-1A3956D46DE8}") = "03-Directory-tree", "03-Directory-tree", "{02AC1FAC-2805-4589-A65B-9EE444BF2F43}"
EndProject
Project("{FAE04EC0-301F-11D3-BF4B-00C04F79EFBC}") = "MyIO", "03-Directory-tree\MyIO\MyIO.csproj", "{78F4D5BE-C49E-40B1-B925-EB682FA4351B}"
EndProject
Project("{FAE04EC0-301F-11D3-BF4B-00C04F79EFBC}") = "DirectoyTreeDemo", "03-Directory-tree\DirectoyTreeBuilder\DirectoyTreeDemo.csproj", "{AC97F868-0FDE-4CA1-A010-63FECB8AD20B}"
EndProject
Global
	GlobalSection(SolutionConfigurationPlatforms) = preSolution
		Debug|Any CPU = Debug|Any CPU
		Release|Any CPU = Release|Any CPU
	EndGlobalSection
	GlobalSection(ProjectConfigurationPlatforms) = postSolution
		{AD812324-266D-4211-A850-7A074E5419A2}.Debug|Any CPU.ActiveCfg = Debug|Any CPU
		{AD812324-266D-4211-A850-7A074E5419A2}.Debug|Any CPU.Build.0 = Debug|Any CPU
		{AD812324-266D-4211-A850-7A074E5419A2}.Release|Any CPU.ActiveCfg = Release|Any CPU
		{AD812324-266D-4211-A850-7A074E5419A2}.Release|Any CPU.Build.0 = Release|Any CPU
		{7C3845BB-CD60-449E-9B0B-528C042458CB}.Debug|Any CPU.ActiveCfg = Debug|Any CPU
		{7C3845BB-CD60-449E-9B0B-528C042458CB}.Debug|Any CPU.Build.0 = Debug|Any CPU
		{7C3845BB-CD60-449E-9B0B-528C042458CB}.Release|Any CPU.ActiveCfg = Release|Any CPU
		{7C3845BB-CD60-449E-9B0B-528C042458CB}.Release|Any CPU.Build.0 = Release|Any CPU
		{AC9FAFEC-2172-42E2-B7C5-442E41ECD4A0}.Debug|Any CPU.ActiveCfg = Debug|Any CPU
		{AC9FAFEC-2172-42E2-B7C5-442E41ECD4A0}.Debug|Any CPU.Build.0 = Debug|Any CPU
		{AC9FAFEC-2172-42E2-B7C5-442E41ECD4A0}.Release|Any CPU.ActiveCfg = Release|Any CPU
		{AC9FAFEC-2172-42E2-B7C5-442E41ECD4A0}.Release|Any CPU.Build.0 = Release|Any CPU
		{3E852BAD-4124-45EB-9B08-4562991C94F8}.Debug|Any CPU.ActiveCfg = Debug|Any CPU
		{3E852BAD-4124-45EB-9B08-4562991C94F8}.Debug|Any CPU.Build.0 = Debug|Any CPU
		{3E852BAD-4124-45EB-9B08-4562991C94F8}.Release|Any CPU.ActiveCfg = Release|Any CPU
		{3E852BAD-4124-45EB-9B08-4562991C94F8}.Release|Any CPU.Build.0 = Release|Any CPU
		{78F4D5BE-C49E-40B1-B925-EB682FA4351B}.Debug|Any CPU.ActiveCfg = Debug|Any CPU
		{78F4D5BE-C49E-40B1-B925-EB682FA4351B}.Debug|Any CPU.Build.0 = Debug|Any CPU
		{78F4D5BE-C49E-40B1-B925-EB682FA4351B}.Release|Any CPU.ActiveCfg = Release|Any CPU
		{78F4D5BE-C49E-40B1-B925-EB682FA4351B}.Release|Any CPU.Build.0 = Release|Any CPU
		{AC97F868-0FDE-4CA1-A010-63FECB8AD20B}.Debug|Any CPU.ActiveCfg = Debug|Any CPU
		{AC97F868-0FDE-4CA1-A010-63FECB8AD20B}.Debug|Any CPU.Build.0 = Debug|Any CPU
		{AC97F868-0FDE-4CA1-A010-63FECB8AD20B}.Release|Any CPU.ActiveCfg = Release|Any CPU
		{AC97F868-0FDE-4CA1-A010-63FECB8AD20B}.Release|Any CPU.Build.0 = Release|Any CPU
	EndGlobalSection
	GlobalSection(SolutionProperties) = preSolution
		HideSolutionNode = FALSE
	EndGlobalSection
	GlobalSection(NestedProjects) = preSolution
		{AD812324-266D-4211-A850-7A074E5419A2} = {F3915514-B26C-4018-B238-FC50A6509B7D}
		{7C3845BB-CD60-449E-9B0B-528C042458CB} = {F3915514-B26C-4018-B238-FC50A6509B7D}
		{AC9FAFEC-2172-42E2-B7C5-442E41ECD4A0} = {6E4AA1C0-8B27-44D6-830C-39A74EE49108}
		{3E852BAD-4124-45EB-9B08-4562991C94F8} = {6E4AA1C0-8B27-44D6-830C-39A74EE49108}
		{78F4D5BE-C49E-40B1-B925-EB682FA4351B} = {02AC1FAC-2805-4589-A65B-9EE444BF2F43}
		{AC97F868-0FDE-4CA1-A010-63FECB8AD20B} = {02AC1FAC-2805-4589-A65B-9EE444BF2F43}
	EndGlobalSection
EndGlobal
