
Microsoft Visual Studio Solution File, Format Version 12.00
# Visual Studio 14
VisualStudioVersion = 14.0.23107.0
MinimumVisualStudioVersion = 10.0.40219.1
Project("{FAE04EC0-301F-11D3-BF4B-00C04F79EFBC}") = "01-KnapsackProblem", "01-KnapsackProblem\01-KnapsackProblem.csproj", "{964A471F-252B-4136-9C19-049A7A35E5FB}"
EndProject
Project("{FAE04EC0-301F-11D3-BF4B-00C04F79EFBC}") = "02-MED", "02-MED\02-MED.csproj", "{AD9014D2-ED8E-4E7B-8B1A-91C135985739}"
EndProject
Project("{FAE04EC0-301F-11D3-BF4B-00C04F79EFBC}") = "03-Tribonachi", "03-Tribonachi\03-Tribonachi.csproj", "{AADD6AF2-9737-4A8A-A995-D9FCB2715C1E}"
EndProject
Project("{FAE04EC0-301F-11D3-BF4B-00C04F79EFBC}") = "04-SuperSumRecursive", "04-SuperSum\04-SuperSumRecursive.csproj", "{5E55F4FB-9585-4987-A18C-D933F762957E}"
EndProject
Project("{FAE04EC0-301F-11D3-BF4B-00C04F79EFBC}") = "05-SuperSumDynamic", "SuperSumDynamic\05-SuperSumDynamic.csproj", "{56096353-6971-4F65-B226-C122B5222006}"
EndProject
Project("{FAE04EC0-301F-11D3-BF4B-00C04F79EFBC}") = "06-BracketsRecursive", "06-Brackets\06-BracketsRecursive.csproj", "{6444A64F-5AFD-412F-9016-F4F0103D9758}"
EndProject
Project("{2150E333-8FDC-42A3-9474-1A3956D46DE8}") = "Homework", "Homework", "{FC8F9991-1D62-4BCE-9DAF-A02F643076FE}"
EndProject
Project("{2150E333-8FDC-42A3-9474-1A3956D46DE8}") = "AlgoApril2012", "AlgoApril2012", "{C93A1CE7-FFC7-4C42-8C68-34AD4010BA15}"
EndProject
Project("{2150E333-8FDC-42A3-9474-1A3956D46DE8}") = "LiveDemo", "LiveDemo", "{2E35977D-D0C1-48EA-9AA7-639F935847C6}"
EndProject
Project("{FAE04EC0-301F-11D3-BF4B-00C04F79EFBC}") = "00-Task", "..\..\..\..\..\Desktop\00-BaseTask\00-Task.csproj", "{82A1F712-B4E4-42D0-9BC0-0B7F1AAECDEC}"
EndProject
Project("{FAE04EC0-301F-11D3-BF4B-00C04F79EFBC}") = "03-Trees", "03-Trees\03-Trees.csproj", "{120258D0-6942-4546-B18E-86A5EC17E340}"
EndProject
Project("{FAE04EC0-301F-11D3-BF4B-00C04F79EFBC}") = "SubsetSum", "SubsetSum\SubsetSum.csproj", "{1832CC91-C416-43E9-857D-22C94ED6560A}"
EndProject
Global
	GlobalSection(SolutionConfigurationPlatforms) = preSolution
		Debug|Any CPU = Debug|Any CPU
		Release|Any CPU = Release|Any CPU
	EndGlobalSection
	GlobalSection(ProjectConfigurationPlatforms) = postSolution
		{964A471F-252B-4136-9C19-049A7A35E5FB}.Debug|Any CPU.ActiveCfg = Debug|Any CPU
		{964A471F-252B-4136-9C19-049A7A35E5FB}.Debug|Any CPU.Build.0 = Debug|Any CPU
		{964A471F-252B-4136-9C19-049A7A35E5FB}.Release|Any CPU.ActiveCfg = Release|Any CPU
		{964A471F-252B-4136-9C19-049A7A35E5FB}.Release|Any CPU.Build.0 = Release|Any CPU
		{AD9014D2-ED8E-4E7B-8B1A-91C135985739}.Debug|Any CPU.ActiveCfg = Debug|Any CPU
		{AD9014D2-ED8E-4E7B-8B1A-91C135985739}.Debug|Any CPU.Build.0 = Debug|Any CPU
		{AD9014D2-ED8E-4E7B-8B1A-91C135985739}.Release|Any CPU.ActiveCfg = Release|Any CPU
		{AD9014D2-ED8E-4E7B-8B1A-91C135985739}.Release|Any CPU.Build.0 = Release|Any CPU
		{AADD6AF2-9737-4A8A-A995-D9FCB2715C1E}.Debug|Any CPU.ActiveCfg = Debug|Any CPU
		{AADD6AF2-9737-4A8A-A995-D9FCB2715C1E}.Debug|Any CPU.Build.0 = Debug|Any CPU
		{AADD6AF2-9737-4A8A-A995-D9FCB2715C1E}.Release|Any CPU.ActiveCfg = Release|Any CPU
		{AADD6AF2-9737-4A8A-A995-D9FCB2715C1E}.Release|Any CPU.Build.0 = Release|Any CPU
		{5E55F4FB-9585-4987-A18C-D933F762957E}.Debug|Any CPU.ActiveCfg = Debug|Any CPU
		{5E55F4FB-9585-4987-A18C-D933F762957E}.Debug|Any CPU.Build.0 = Debug|Any CPU
		{5E55F4FB-9585-4987-A18C-D933F762957E}.Release|Any CPU.ActiveCfg = Release|Any CPU
		{5E55F4FB-9585-4987-A18C-D933F762957E}.Release|Any CPU.Build.0 = Release|Any CPU
		{56096353-6971-4F65-B226-C122B5222006}.Debug|Any CPU.ActiveCfg = Debug|Any CPU
		{56096353-6971-4F65-B226-C122B5222006}.Debug|Any CPU.Build.0 = Debug|Any CPU
		{56096353-6971-4F65-B226-C122B5222006}.Release|Any CPU.ActiveCfg = Release|Any CPU
		{56096353-6971-4F65-B226-C122B5222006}.Release|Any CPU.Build.0 = Release|Any CPU
		{6444A64F-5AFD-412F-9016-F4F0103D9758}.Debug|Any CPU.ActiveCfg = Debug|Any CPU
		{6444A64F-5AFD-412F-9016-F4F0103D9758}.Debug|Any CPU.Build.0 = Debug|Any CPU
		{6444A64F-5AFD-412F-9016-F4F0103D9758}.Release|Any CPU.ActiveCfg = Release|Any CPU
		{6444A64F-5AFD-412F-9016-F4F0103D9758}.Release|Any CPU.Build.0 = Release|Any CPU
		{82A1F712-B4E4-42D0-9BC0-0B7F1AAECDEC}.Debug|Any CPU.ActiveCfg = Debug|Any CPU
		{82A1F712-B4E4-42D0-9BC0-0B7F1AAECDEC}.Debug|Any CPU.Build.0 = Debug|Any CPU
		{82A1F712-B4E4-42D0-9BC0-0B7F1AAECDEC}.Release|Any CPU.ActiveCfg = Release|Any CPU
		{82A1F712-B4E4-42D0-9BC0-0B7F1AAECDEC}.Release|Any CPU.Build.0 = Release|Any CPU
		{120258D0-6942-4546-B18E-86A5EC17E340}.Debug|Any CPU.ActiveCfg = Debug|Any CPU
		{120258D0-6942-4546-B18E-86A5EC17E340}.Debug|Any CPU.Build.0 = Debug|Any CPU
		{120258D0-6942-4546-B18E-86A5EC17E340}.Release|Any CPU.ActiveCfg = Release|Any CPU
		{120258D0-6942-4546-B18E-86A5EC17E340}.Release|Any CPU.Build.0 = Release|Any CPU
		{1832CC91-C416-43E9-857D-22C94ED6560A}.Debug|Any CPU.ActiveCfg = Debug|Any CPU
		{1832CC91-C416-43E9-857D-22C94ED6560A}.Debug|Any CPU.Build.0 = Debug|Any CPU
		{1832CC91-C416-43E9-857D-22C94ED6560A}.Release|Any CPU.ActiveCfg = Release|Any CPU
		{1832CC91-C416-43E9-857D-22C94ED6560A}.Release|Any CPU.Build.0 = Release|Any CPU
	EndGlobalSection
	GlobalSection(SolutionProperties) = preSolution
		HideSolutionNode = FALSE
	EndGlobalSection
	GlobalSection(NestedProjects) = preSolution
		{964A471F-252B-4136-9C19-049A7A35E5FB} = {FC8F9991-1D62-4BCE-9DAF-A02F643076FE}
		{AD9014D2-ED8E-4E7B-8B1A-91C135985739} = {FC8F9991-1D62-4BCE-9DAF-A02F643076FE}
		{AADD6AF2-9737-4A8A-A995-D9FCB2715C1E} = {C93A1CE7-FFC7-4C42-8C68-34AD4010BA15}
		{5E55F4FB-9585-4987-A18C-D933F762957E} = {C93A1CE7-FFC7-4C42-8C68-34AD4010BA15}
		{56096353-6971-4F65-B226-C122B5222006} = {C93A1CE7-FFC7-4C42-8C68-34AD4010BA15}
		{6444A64F-5AFD-412F-9016-F4F0103D9758} = {C93A1CE7-FFC7-4C42-8C68-34AD4010BA15}
		{120258D0-6942-4546-B18E-86A5EC17E340} = {2E35977D-D0C1-48EA-9AA7-639F935847C6}
		{1832CC91-C416-43E9-857D-22C94ED6560A} = {2E35977D-D0C1-48EA-9AA7-639F935847C6}
	EndGlobalSection
EndGlobal
