
Microsoft Visual Studio Solution File, Format Version 12.00
# Visual Studio 2013
VisualStudioVersion = 12.0.40629.0
MinimumVisualStudioVersion = 10.0.40219.1
Project("{FAE04EC0-301F-11D3-BF4B-00C04F79EFBC}") = "People", "People\People.csproj", "{E1A4183F-61C6-4375-879C-29DA3C1CE8E5}"
EndProject
Project("{FAE04EC0-301F-11D3-BF4B-00C04F79EFBC}") = "AlbumsCatalog", "AlbumsCatalog\AlbumsCatalog.csproj", "{2D8827F2-2456-4B16-B8BE-C094400DB141}"
EndProject
Project("{FAE04EC0-301F-11D3-BF4B-00C04F79EFBC}") = "DirectoryTraversal", "DirectoryTraversal\DirectoryTraversal.csproj", "{8947768E-6748-45CC-901F-997F1674B112}"
EndProject
Project("{FAE04EC0-301F-11D3-BF4B-00C04F79EFBC}") = "HomeworkChecker", "HomeworkChecker\HomeworkChecker.csproj", "{65711A3E-8915-437B-9C3C-28FD65394D7B}"
EndProject
Global
	GlobalSection(SolutionConfigurationPlatforms) = preSolution
		Debug|Any CPU = Debug|Any CPU
		Release|Any CPU = Release|Any CPU
	EndGlobalSection
	GlobalSection(ProjectConfigurationPlatforms) = postSolution
		{E1A4183F-61C6-4375-879C-29DA3C1CE8E5}.Debug|Any CPU.ActiveCfg = Debug|Any CPU
		{E1A4183F-61C6-4375-879C-29DA3C1CE8E5}.Debug|Any CPU.Build.0 = Debug|Any CPU
		{E1A4183F-61C6-4375-879C-29DA3C1CE8E5}.Release|Any CPU.ActiveCfg = Release|Any CPU
		{E1A4183F-61C6-4375-879C-29DA3C1CE8E5}.Release|Any CPU.Build.0 = Release|Any CPU
		{2D8827F2-2456-4B16-B8BE-C094400DB141}.Debug|Any CPU.ActiveCfg = Debug|Any CPU
		{2D8827F2-2456-4B16-B8BE-C094400DB141}.Debug|Any CPU.Build.0 = Debug|Any CPU
		{2D8827F2-2456-4B16-B8BE-C094400DB141}.Release|Any CPU.ActiveCfg = Release|Any CPU
		{2D8827F2-2456-4B16-B8BE-C094400DB141}.Release|Any CPU.Build.0 = Release|Any CPU
		{8947768E-6748-45CC-901F-997F1674B112}.Debug|Any CPU.ActiveCfg = Debug|Any CPU
		{8947768E-6748-45CC-901F-997F1674B112}.Debug|Any CPU.Build.0 = Debug|Any CPU
		{8947768E-6748-45CC-901F-997F1674B112}.Release|Any CPU.ActiveCfg = Release|Any CPU
		{8947768E-6748-45CC-901F-997F1674B112}.Release|Any CPU.Build.0 = Release|Any CPU
		{65711A3E-8915-437B-9C3C-28FD65394D7B}.Debug|Any CPU.ActiveCfg = Debug|Any CPU
		{65711A3E-8915-437B-9C3C-28FD65394D7B}.Debug|Any CPU.Build.0 = Debug|Any CPU
		{65711A3E-8915-437B-9C3C-28FD65394D7B}.Release|Any CPU.ActiveCfg = Release|Any CPU
		{65711A3E-8915-437B-9C3C-28FD65394D7B}.Release|Any CPU.Build.0 = Release|Any CPU
	EndGlobalSection
	GlobalSection(SolutionProperties) = preSolution
		HideSolutionNode = FALSE
	EndGlobalSection
EndGlobal
