
Microsoft Visual Studio Solution File, Format Version 12.00
# Visual Studio 2013
VisualStudioVersion = 12.0.31101.0
MinimumVisualStudioVersion = 10.0.40219.1
Project("{FAE04EC0-301F-11D3-BF4B-00C04F79EFBC}") = "01. Fill the matrix", "01. Fill the matrix\01. Fill the matrix.csproj", "{AB4EBF53-1646-4DC9-A444-A4D4198A38B0}"
EndProject
Project("{FAE04EC0-301F-11D3-BF4B-00C04F79EFBC}") = "02. Maximal sum", "02. Maximal sum\02. Maximal sum.csproj", "{AD3D9280-467F-4F35-B46F-8FD13196B1BF}"
EndProject
Project("{FAE04EC0-301F-11D3-BF4B-00C04F79EFBC}") = "03. Sequence n matrix", "03. Sequence n matrix\03. Sequence n matrix.csproj", "{B626B341-7817-40A0-A825-26E06CCB32F5}"
EndProject
Project("{FAE04EC0-301F-11D3-BF4B-00C04F79EFBC}") = "04. Binary search", "04. Binary search\04. Binary search.csproj", "{77BD3BA7-B414-424E-880F-9E23124D605D}"
EndProject
Project("{FAE04EC0-301F-11D3-BF4B-00C04F79EFBC}") = "05. Sort by string length", "05. Sort by string length\05. Sort by string length.csproj", "{36324098-D871-4687-B30B-E2932C322D51}"
EndProject
Project("{FAE04EC0-301F-11D3-BF4B-00C04F79EFBC}") = "07. Largest area in matrix", "07. Largest area in matrix\07. Largest area in matrix.csproj", "{2C604730-B80F-4D13-999B-FCC8E985B8C4}"
EndProject
Project("{FAE04EC0-301F-11D3-BF4B-00C04F79EFBC}") = "06. Matrix class", "06. Matrix class\06. Matrix class.csproj", "{B3B974E1-D861-418C-95CF-91E4B2CF5B54}"
EndProject
Global
	GlobalSection(SolutionConfigurationPlatforms) = preSolution
		Debug|Any CPU = Debug|Any CPU
		Release|Any CPU = Release|Any CPU
	EndGlobalSection
	GlobalSection(ProjectConfigurationPlatforms) = postSolution
		{AB4EBF53-1646-4DC9-A444-A4D4198A38B0}.Debug|Any CPU.ActiveCfg = Debug|Any CPU
		{AB4EBF53-1646-4DC9-A444-A4D4198A38B0}.Debug|Any CPU.Build.0 = Debug|Any CPU
		{AB4EBF53-1646-4DC9-A444-A4D4198A38B0}.Release|Any CPU.ActiveCfg = Release|Any CPU
		{AB4EBF53-1646-4DC9-A444-A4D4198A38B0}.Release|Any CPU.Build.0 = Release|Any CPU
		{AD3D9280-467F-4F35-B46F-8FD13196B1BF}.Debug|Any CPU.ActiveCfg = Debug|Any CPU
		{AD3D9280-467F-4F35-B46F-8FD13196B1BF}.Debug|Any CPU.Build.0 = Debug|Any CPU
		{AD3D9280-467F-4F35-B46F-8FD13196B1BF}.Release|Any CPU.ActiveCfg = Release|Any CPU
		{AD3D9280-467F-4F35-B46F-8FD13196B1BF}.Release|Any CPU.Build.0 = Release|Any CPU
		{B626B341-7817-40A0-A825-26E06CCB32F5}.Debug|Any CPU.ActiveCfg = Debug|Any CPU
		{B626B341-7817-40A0-A825-26E06CCB32F5}.Debug|Any CPU.Build.0 = Debug|Any CPU
		{B626B341-7817-40A0-A825-26E06CCB32F5}.Release|Any CPU.ActiveCfg = Release|Any CPU
		{B626B341-7817-40A0-A825-26E06CCB32F5}.Release|Any CPU.Build.0 = Release|Any CPU
		{77BD3BA7-B414-424E-880F-9E23124D605D}.Debug|Any CPU.ActiveCfg = Debug|Any CPU
		{77BD3BA7-B414-424E-880F-9E23124D605D}.Debug|Any CPU.Build.0 = Debug|Any CPU
		{77BD3BA7-B414-424E-880F-9E23124D605D}.Release|Any CPU.ActiveCfg = Release|Any CPU
		{77BD3BA7-B414-424E-880F-9E23124D605D}.Release|Any CPU.Build.0 = Release|Any CPU
		{36324098-D871-4687-B30B-E2932C322D51}.Debug|Any CPU.ActiveCfg = Debug|Any CPU
		{36324098-D871-4687-B30B-E2932C322D51}.Debug|Any CPU.Build.0 = Debug|Any CPU
		{36324098-D871-4687-B30B-E2932C322D51}.Release|Any CPU.ActiveCfg = Release|Any CPU
		{36324098-D871-4687-B30B-E2932C322D51}.Release|Any CPU.Build.0 = Release|Any CPU
		{2C604730-B80F-4D13-999B-FCC8E985B8C4}.Debug|Any CPU.ActiveCfg = Debug|Any CPU
		{2C604730-B80F-4D13-999B-FCC8E985B8C4}.Debug|Any CPU.Build.0 = Debug|Any CPU
		{2C604730-B80F-4D13-999B-FCC8E985B8C4}.Release|Any CPU.ActiveCfg = Release|Any CPU
		{2C604730-B80F-4D13-999B-FCC8E985B8C4}.Release|Any CPU.Build.0 = Release|Any CPU
		{B3B974E1-D861-418C-95CF-91E4B2CF5B54}.Debug|Any CPU.ActiveCfg = Debug|Any CPU
		{B3B974E1-D861-418C-95CF-91E4B2CF5B54}.Debug|Any CPU.Build.0 = Debug|Any CPU
		{B3B974E1-D861-418C-95CF-91E4B2CF5B54}.Release|Any CPU.ActiveCfg = Release|Any CPU
		{B3B974E1-D861-418C-95CF-91E4B2CF5B54}.Release|Any CPU.Build.0 = Release|Any CPU
	EndGlobalSection
	GlobalSection(SolutionProperties) = preSolution
		HideSolutionNode = FALSE
	EndGlobalSection
EndGlobal
