
Microsoft Visual Studio Solution File, Format Version 12.00
# Visual Studio 2013
VisualStudioVersion = 12.0.31101.0
MinimumVisualStudioVersion = 10.0.40219.1
Project("{FAE04EC0-301F-11D3-BF4B-00C04F79EFBC}") = "01.02.03. Student class", "01. Student class\01.02.03. Student class.csproj", "{CEB7F86D-18E9-4BB9-A7AF-E4D46B333A34}"
EndProject
Project("{FAE04EC0-301F-11D3-BF4B-00C04F79EFBC}") = "04. Person class", "04. Person class\04. Person class.csproj", "{45586DFE-10C7-4F64-B05E-61E84C0BC491}"
EndProject
Project("{FAE04EC0-301F-11D3-BF4B-00C04F79EFBC}") = "05. 64 Bit array", "05. 64 Bit array\05. 64 Bit array.csproj", "{7332CF36-162B-47A4-8EF5-D2A0826D032A}"
EndProject
Global
	GlobalSection(SolutionConfigurationPlatforms) = preSolution
		Debug|Any CPU = Debug|Any CPU
		Release|Any CPU = Release|Any CPU
	EndGlobalSection
	GlobalSection(ProjectConfigurationPlatforms) = postSolution
		{CEB7F86D-18E9-4BB9-A7AF-E4D46B333A34}.Debug|Any CPU.ActiveCfg = Debug|Any CPU
		{CEB7F86D-18E9-4BB9-A7AF-E4D46B333A34}.Debug|Any CPU.Build.0 = Debug|Any CPU
		{CEB7F86D-18E9-4BB9-A7AF-E4D46B333A34}.Release|Any CPU.ActiveCfg = Release|Any CPU
		{CEB7F86D-18E9-4BB9-A7AF-E4D46B333A34}.Release|Any CPU.Build.0 = Release|Any CPU
		{45586DFE-10C7-4F64-B05E-61E84C0BC491}.Debug|Any CPU.ActiveCfg = Debug|Any CPU
		{45586DFE-10C7-4F64-B05E-61E84C0BC491}.Debug|Any CPU.Build.0 = Debug|Any CPU
		{45586DFE-10C7-4F64-B05E-61E84C0BC491}.Release|Any CPU.ActiveCfg = Release|Any CPU
		{45586DFE-10C7-4F64-B05E-61E84C0BC491}.Release|Any CPU.Build.0 = Release|Any CPU
		{7332CF36-162B-47A4-8EF5-D2A0826D032A}.Debug|Any CPU.ActiveCfg = Debug|Any CPU
		{7332CF36-162B-47A4-8EF5-D2A0826D032A}.Debug|Any CPU.Build.0 = Debug|Any CPU
		{7332CF36-162B-47A4-8EF5-D2A0826D032A}.Release|Any CPU.ActiveCfg = Release|Any CPU
		{7332CF36-162B-47A4-8EF5-D2A0826D032A}.Release|Any CPU.Build.0 = Release|Any CPU
	EndGlobalSection
	GlobalSection(SolutionProperties) = preSolution
		HideSolutionNode = FALSE
	EndGlobalSection
EndGlobal
