
Microsoft Visual Studio Solution File, Format Version 12.00
# Visual Studio 2013
VisualStudioVersion = 12.0.31101.0
MinimumVisualStudioVersion = 10.0.40219.1
Project("{2150E333-8FDC-42A3-9474-1A3956D46DE8}") = "01. Classes I", "01. Classes I", "{3FB31A63-7238-4AAA-B63F-0DD4A05783F7}"
	ProjectSection(SolutionItems) = preProject
		Classes I notes.txt = Classes I notes.txt
	EndProjectSection
EndProject
Project("{FAE04EC0-301F-11D3-BF4B-00C04F79EFBC}") = "Dogs", "Dog\Dogs.csproj", "{35D64D4E-33AF-49D7-8BD5-544C6F7F9DAE}"
EndProject
Project("{FAE04EC0-301F-11D3-BF4B-00C04F79EFBC}") = "UserProfiles", "UserProfile\UserProfiles.csproj", "{90FD4FDC-891B-4F44-8D16-CA33AC49DFD6}"
EndProject
Project("{2150E333-8FDC-42A3-9474-1A3956D46DE8}") = "02. Classes II", "02. Classes II", "{68F06296-6A5B-460F-B3B3-112ED3B35323}"
	ProjectSection(SolutionItems) = preProject
		classesII notes.txt = classesII notes.txt
	EndProjectSection
EndProject
Project("{FAE04EC0-301F-11D3-BF4B-00C04F79EFBC}") = "Live Demos", "StaticConstructor\Live Demos.csproj", "{376168D2-E989-496D-9EAB-68D44CF07D9C}"
EndProject
Project("{2150E333-8FDC-42A3-9474-1A3956D46DE8}") = "03. Extensions,Delegates,Lambda,LINQ", "03. Extensions,Delegates,Lambda,LINQ", "{E0E5F665-03A2-4384-B546-C119C470DC33}"
EndProject
Project("{FAE04EC0-301F-11D3-BF4B-00C04F79EFBC}") = "01. Extension methods", "extension methods\01. Extension methods.csproj", "{2BB16D98-4871-4125-8B0C-068DC19BFE59}"
EndProject
Project("{FAE04EC0-301F-11D3-BF4B-00C04F79EFBC}") = "02. AnonymousTypes", "AnonymousTypes\02. AnonymousTypes.csproj", "{AAFC9F0D-331C-48D2-BAEE-D93006F859CC}"
EndProject
Project("{FAE04EC0-301F-11D3-BF4B-00C04F79EFBC}") = "03. Delegates", "03. Delegates\03. Delegates.csproj", "{7EBE563B-2AF3-4538-BB0B-7F78AF213FF2}"
EndProject
Project("{FAE04EC0-301F-11D3-BF4B-00C04F79EFBC}") = "04. Lambda", "04. Lambda\04. Lambda.csproj", "{3167841F-A64A-4927-B294-BD465C443F21}"
EndProject
Project("{FAE04EC0-301F-11D3-BF4B-00C04F79EFBC}") = "05. LINQ", "05. LINQ\05. LINQ.csproj", "{2788969B-7D29-4E74-AAC1-C8475F300280}"
EndProject
Project("{2150E333-8FDC-42A3-9474-1A3956D46DE8}") = "04. OOP Fundamentals I", "04. OOP Fundamentals I", "{FF964D36-DA9E-43A2-84A5-2107C694C2E8}"
EndProject
Project("{FAE04EC0-301F-11D3-BF4B-00C04F79EFBC}") = "01. Inheritance", "01. Inheritance\01. Inheritance.csproj", "{EDBC76A6-20FA-47CE-82E0-19513C753591}"
EndProject
Project("{2150E333-8FDC-42A3-9474-1A3956D46DE8}") = "06. CTS", "06. CTS", "{50A4178E-2921-4786-9F0D-0997E3A884F4}"
EndProject
Project("{FAE04EC0-301F-11D3-BF4B-00C04F79EFBC}") = "01. Overriding System.Object Virtual methods", "01. Comparison\01. Overriding System.Object Virtual methods.csproj", "{35423237-0742-45AA-93CC-52675114F32D}"
EndProject
Project("{FAE04EC0-301F-11D3-BF4B-00C04F79EFBC}") = "02. Cloning", "02. Cloning\02. Cloning.csproj", "{93765FBA-21DF-44E5-9F37-384C9D513DA0}"
EndProject
Project("{FAE04EC0-301F-11D3-BF4B-00C04F79EFBC}") = "03. AsIs operators", "03. AsIs operators\03. AsIs operators.csproj", "{A29D0571-B564-4896-ABA8-188F952B02A0}"
EndProject
Project("{FAE04EC0-301F-11D3-BF4B-00C04F79EFBC}") = "04. IComparable", "IComparable\04. IComparable.csproj", "{B002BB0C-9077-4B4F-8BC3-DB8950F0A957}"
EndProject
Project("{2150E333-8FDC-42A3-9474-1A3956D46DE8}") = "05. OOP Fundamentals II", "05. OOP Fundamentals II", "{79AD8AE7-D4DA-4A7F-8CA2-E43545513E70}"
EndProject
Project("{FAE04EC0-301F-11D3-BF4B-00C04F79EFBC}") = "Polymorphism", "Polymorphism\Polymorphism.csproj", "{141FD773-D78C-432F-BBF6-10F791AA57CC}"
EndProject
Global
	GlobalSection(SolutionConfigurationPlatforms) = preSolution
		Debug|Any CPU = Debug|Any CPU
		Release|Any CPU = Release|Any CPU
	EndGlobalSection
	GlobalSection(ProjectConfigurationPlatforms) = postSolution
		{35D64D4E-33AF-49D7-8BD5-544C6F7F9DAE}.Debug|Any CPU.ActiveCfg = Debug|Any CPU
		{35D64D4E-33AF-49D7-8BD5-544C6F7F9DAE}.Debug|Any CPU.Build.0 = Debug|Any CPU
		{35D64D4E-33AF-49D7-8BD5-544C6F7F9DAE}.Release|Any CPU.ActiveCfg = Release|Any CPU
		{35D64D4E-33AF-49D7-8BD5-544C6F7F9DAE}.Release|Any CPU.Build.0 = Release|Any CPU
		{90FD4FDC-891B-4F44-8D16-CA33AC49DFD6}.Debug|Any CPU.ActiveCfg = Debug|Any CPU
		{90FD4FDC-891B-4F44-8D16-CA33AC49DFD6}.Debug|Any CPU.Build.0 = Debug|Any CPU
		{90FD4FDC-891B-4F44-8D16-CA33AC49DFD6}.Release|Any CPU.ActiveCfg = Release|Any CPU
		{90FD4FDC-891B-4F44-8D16-CA33AC49DFD6}.Release|Any CPU.Build.0 = Release|Any CPU
		{376168D2-E989-496D-9EAB-68D44CF07D9C}.Debug|Any CPU.ActiveCfg = Debug|Any CPU
		{376168D2-E989-496D-9EAB-68D44CF07D9C}.Debug|Any CPU.Build.0 = Debug|Any CPU
		{376168D2-E989-496D-9EAB-68D44CF07D9C}.Release|Any CPU.ActiveCfg = Release|Any CPU
		{376168D2-E989-496D-9EAB-68D44CF07D9C}.Release|Any CPU.Build.0 = Release|Any CPU
		{2BB16D98-4871-4125-8B0C-068DC19BFE59}.Debug|Any CPU.ActiveCfg = Debug|Any CPU
		{2BB16D98-4871-4125-8B0C-068DC19BFE59}.Debug|Any CPU.Build.0 = Debug|Any CPU
		{2BB16D98-4871-4125-8B0C-068DC19BFE59}.Release|Any CPU.ActiveCfg = Release|Any CPU
		{2BB16D98-4871-4125-8B0C-068DC19BFE59}.Release|Any CPU.Build.0 = Release|Any CPU
		{AAFC9F0D-331C-48D2-BAEE-D93006F859CC}.Debug|Any CPU.ActiveCfg = Debug|Any CPU
		{AAFC9F0D-331C-48D2-BAEE-D93006F859CC}.Debug|Any CPU.Build.0 = Debug|Any CPU
		{AAFC9F0D-331C-48D2-BAEE-D93006F859CC}.Release|Any CPU.ActiveCfg = Release|Any CPU
		{AAFC9F0D-331C-48D2-BAEE-D93006F859CC}.Release|Any CPU.Build.0 = Release|Any CPU
		{7EBE563B-2AF3-4538-BB0B-7F78AF213FF2}.Debug|Any CPU.ActiveCfg = Debug|Any CPU
		{7EBE563B-2AF3-4538-BB0B-7F78AF213FF2}.Debug|Any CPU.Build.0 = Debug|Any CPU
		{7EBE563B-2AF3-4538-BB0B-7F78AF213FF2}.Release|Any CPU.ActiveCfg = Release|Any CPU
		{7EBE563B-2AF3-4538-BB0B-7F78AF213FF2}.Release|Any CPU.Build.0 = Release|Any CPU
		{3167841F-A64A-4927-B294-BD465C443F21}.Debug|Any CPU.ActiveCfg = Debug|Any CPU
		{3167841F-A64A-4927-B294-BD465C443F21}.Debug|Any CPU.Build.0 = Debug|Any CPU
		{3167841F-A64A-4927-B294-BD465C443F21}.Release|Any CPU.ActiveCfg = Release|Any CPU
		{3167841F-A64A-4927-B294-BD465C443F21}.Release|Any CPU.Build.0 = Release|Any CPU
		{2788969B-7D29-4E74-AAC1-C8475F300280}.Debug|Any CPU.ActiveCfg = Debug|Any CPU
		{2788969B-7D29-4E74-AAC1-C8475F300280}.Debug|Any CPU.Build.0 = Debug|Any CPU
		{2788969B-7D29-4E74-AAC1-C8475F300280}.Release|Any CPU.ActiveCfg = Release|Any CPU
		{2788969B-7D29-4E74-AAC1-C8475F300280}.Release|Any CPU.Build.0 = Release|Any CPU
		{EDBC76A6-20FA-47CE-82E0-19513C753591}.Debug|Any CPU.ActiveCfg = Debug|Any CPU
		{EDBC76A6-20FA-47CE-82E0-19513C753591}.Debug|Any CPU.Build.0 = Debug|Any CPU
		{EDBC76A6-20FA-47CE-82E0-19513C753591}.Release|Any CPU.ActiveCfg = Release|Any CPU
		{EDBC76A6-20FA-47CE-82E0-19513C753591}.Release|Any CPU.Build.0 = Release|Any CPU
		{35423237-0742-45AA-93CC-52675114F32D}.Debug|Any CPU.ActiveCfg = Debug|Any CPU
		{35423237-0742-45AA-93CC-52675114F32D}.Debug|Any CPU.Build.0 = Debug|Any CPU
		{35423237-0742-45AA-93CC-52675114F32D}.Release|Any CPU.ActiveCfg = Release|Any CPU
		{35423237-0742-45AA-93CC-52675114F32D}.Release|Any CPU.Build.0 = Release|Any CPU
		{93765FBA-21DF-44E5-9F37-384C9D513DA0}.Debug|Any CPU.ActiveCfg = Debug|Any CPU
		{93765FBA-21DF-44E5-9F37-384C9D513DA0}.Debug|Any CPU.Build.0 = Debug|Any CPU
		{93765FBA-21DF-44E5-9F37-384C9D513DA0}.Release|Any CPU.ActiveCfg = Release|Any CPU
		{93765FBA-21DF-44E5-9F37-384C9D513DA0}.Release|Any CPU.Build.0 = Release|Any CPU
		{A29D0571-B564-4896-ABA8-188F952B02A0}.Debug|Any CPU.ActiveCfg = Debug|Any CPU
		{A29D0571-B564-4896-ABA8-188F952B02A0}.Debug|Any CPU.Build.0 = Debug|Any CPU
		{A29D0571-B564-4896-ABA8-188F952B02A0}.Release|Any CPU.ActiveCfg = Release|Any CPU
		{A29D0571-B564-4896-ABA8-188F952B02A0}.Release|Any CPU.Build.0 = Release|Any CPU
		{B002BB0C-9077-4B4F-8BC3-DB8950F0A957}.Debug|Any CPU.ActiveCfg = Debug|Any CPU
		{B002BB0C-9077-4B4F-8BC3-DB8950F0A957}.Debug|Any CPU.Build.0 = Debug|Any CPU
		{B002BB0C-9077-4B4F-8BC3-DB8950F0A957}.Release|Any CPU.ActiveCfg = Release|Any CPU
		{B002BB0C-9077-4B4F-8BC3-DB8950F0A957}.Release|Any CPU.Build.0 = Release|Any CPU
		{141FD773-D78C-432F-BBF6-10F791AA57CC}.Debug|Any CPU.ActiveCfg = Debug|Any CPU
		{141FD773-D78C-432F-BBF6-10F791AA57CC}.Debug|Any CPU.Build.0 = Debug|Any CPU
		{141FD773-D78C-432F-BBF6-10F791AA57CC}.Release|Any CPU.ActiveCfg = Release|Any CPU
		{141FD773-D78C-432F-BBF6-10F791AA57CC}.Release|Any CPU.Build.0 = Release|Any CPU
	EndGlobalSection
	GlobalSection(SolutionProperties) = preSolution
		HideSolutionNode = FALSE
	EndGlobalSection
	GlobalSection(NestedProjects) = preSolution
		{35D64D4E-33AF-49D7-8BD5-544C6F7F9DAE} = {3FB31A63-7238-4AAA-B63F-0DD4A05783F7}
		{90FD4FDC-891B-4F44-8D16-CA33AC49DFD6} = {3FB31A63-7238-4AAA-B63F-0DD4A05783F7}
		{376168D2-E989-496D-9EAB-68D44CF07D9C} = {68F06296-6A5B-460F-B3B3-112ED3B35323}
		{2BB16D98-4871-4125-8B0C-068DC19BFE59} = {E0E5F665-03A2-4384-B546-C119C470DC33}
		{AAFC9F0D-331C-48D2-BAEE-D93006F859CC} = {E0E5F665-03A2-4384-B546-C119C470DC33}
		{7EBE563B-2AF3-4538-BB0B-7F78AF213FF2} = {E0E5F665-03A2-4384-B546-C119C470DC33}
		{3167841F-A64A-4927-B294-BD465C443F21} = {E0E5F665-03A2-4384-B546-C119C470DC33}
		{2788969B-7D29-4E74-AAC1-C8475F300280} = {E0E5F665-03A2-4384-B546-C119C470DC33}
		{EDBC76A6-20FA-47CE-82E0-19513C753591} = {FF964D36-DA9E-43A2-84A5-2107C694C2E8}
		{35423237-0742-45AA-93CC-52675114F32D} = {50A4178E-2921-4786-9F0D-0997E3A884F4}
		{93765FBA-21DF-44E5-9F37-384C9D513DA0} = {50A4178E-2921-4786-9F0D-0997E3A884F4}
		{A29D0571-B564-4896-ABA8-188F952B02A0} = {50A4178E-2921-4786-9F0D-0997E3A884F4}
		{B002BB0C-9077-4B4F-8BC3-DB8950F0A957} = {50A4178E-2921-4786-9F0D-0997E3A884F4}
		{141FD773-D78C-432F-BBF6-10F791AA57CC} = {79AD8AE7-D4DA-4A7F-8CA2-E43545513E70}
	EndGlobalSection
EndGlobal
