
Microsoft Visual Studio Solution File, Format Version 12.00
# Visual Studio 2013
VisualStudioVersion = 12.0.40629.0
MinimumVisualStudioVersion = 10.0.40219.1
Project("{FAE04EC0-301F-11D3-BF4B-00C04F79EFBC}") = "NorthwindDB", "Northwind\NorthwindDB.csproj", "{5E6A5A25-21DE-40FE-A74B-DEB1EA81CDC7}"
EndProject
Project("{FAE04EC0-301F-11D3-BF4B-00C04F79EFBC}") = "Northwind", "NorthwindTester\Northwind.csproj", "{4FE1602A-37E0-4450-8EBC-C486A40B0B3D}"
EndProject
Global
	GlobalSection(SolutionConfigurationPlatforms) = preSolution
		Debug|Any CPU = Debug|Any CPU
		Release|Any CPU = Release|Any CPU
	EndGlobalSection
	GlobalSection(ProjectConfigurationPlatforms) = postSolution
		{5E6A5A25-21DE-40FE-A74B-DEB1EA81CDC7}.Debug|Any CPU.ActiveCfg = Debug|Any CPU
		{5E6A5A25-21DE-40FE-A74B-DEB1EA81CDC7}.Debug|Any CPU.Build.0 = Debug|Any CPU
		{5E6A5A25-21DE-40FE-A74B-DEB1EA81CDC7}.Release|Any CPU.ActiveCfg = Release|Any CPU
		{5E6A5A25-21DE-40FE-A74B-DEB1EA81CDC7}.Release|Any CPU.Build.0 = Release|Any CPU
		{4FE1602A-37E0-4450-8EBC-C486A40B0B3D}.Debug|Any CPU.ActiveCfg = Debug|Any CPU
		{4FE1602A-37E0-4450-8EBC-C486A40B0B3D}.Debug|Any CPU.Build.0 = Debug|Any CPU
		{4FE1602A-37E0-4450-8EBC-C486A40B0B3D}.Release|Any CPU.ActiveCfg = Release|Any CPU
		{4FE1602A-37E0-4450-8EBC-C486A40B0B3D}.Release|Any CPU.Build.0 = Release|Any CPU
	EndGlobalSection
	GlobalSection(SolutionProperties) = preSolution
		HideSolutionNode = FALSE
	EndGlobalSection
EndGlobal
