
Microsoft Visual Studio Solution File, Format Version 12.00
# Visual Studio 14
VisualStudioVersion = 14.0.23107.0
MinimumVisualStudioVersion = 10.0.40219.1
Project("{FAE04EC0-301F-11D3-BF4B-00C04F79EFBC}") = "BinaryTrees", "BinaryTrees\BinaryTrees.csproj", "{20D83C45-D210-4737-AF93-48B83E1E70D5}"
EndProject
Project("{FAE04EC0-301F-11D3-BF4B-00C04F79EFBC}") = "Songs", "Songs\Songs.csproj", "{77B4ACC8-3718-4D72-8C1A-FBC2633BF608}"
EndProject
Project("{FAE04EC0-301F-11D3-BF4B-00C04F79EFBC}") = "Precision", "Precision\Precision.csproj", "{02EE8C9D-3BA4-426E-8FC0-44D452F0A685}"
EndProject
Global
	GlobalSection(SolutionConfigurationPlatforms) = preSolution
		Debug|Any CPU = Debug|Any CPU
		Release|Any CPU = Release|Any CPU
	EndGlobalSection
	GlobalSection(ProjectConfigurationPlatforms) = postSolution
		{20D83C45-D210-4737-AF93-48B83E1E70D5}.Debug|Any CPU.ActiveCfg = Debug|Any CPU
		{20D83C45-D210-4737-AF93-48B83E1E70D5}.Debug|Any CPU.Build.0 = Debug|Any CPU
		{20D83C45-D210-4737-AF93-48B83E1E70D5}.Release|Any CPU.ActiveCfg = Release|Any CPU
		{20D83C45-D210-4737-AF93-48B83E1E70D5}.Release|Any CPU.Build.0 = Release|Any CPU
		{77B4ACC8-3718-4D72-8C1A-FBC2633BF608}.Debug|Any CPU.ActiveCfg = Debug|Any CPU
		{77B4ACC8-3718-4D72-8C1A-FBC2633BF608}.Debug|Any CPU.Build.0 = Debug|Any CPU
		{77B4ACC8-3718-4D72-8C1A-FBC2633BF608}.Release|Any CPU.ActiveCfg = Release|Any CPU
		{77B4ACC8-3718-4D72-8C1A-FBC2633BF608}.Release|Any CPU.Build.0 = Release|Any CPU
		{02EE8C9D-3BA4-426E-8FC0-44D452F0A685}.Debug|Any CPU.ActiveCfg = Debug|Any CPU
		{02EE8C9D-3BA4-426E-8FC0-44D452F0A685}.Debug|Any CPU.Build.0 = Debug|Any CPU
		{02EE8C9D-3BA4-426E-8FC0-44D452F0A685}.Release|Any CPU.ActiveCfg = Release|Any CPU
		{02EE8C9D-3BA4-426E-8FC0-44D452F0A685}.Release|Any CPU.Build.0 = Release|Any CPU
	EndGlobalSection
	GlobalSection(SolutionProperties) = preSolution
		HideSolutionNode = FALSE
	EndGlobalSection
EndGlobal
