
Microsoft Visual Studio Solution File, Format Version 12.00
# Visual Studio 2013
VisualStudioVersion = 12.0.31101.0
MinimumVisualStudioVersion = 10.0.40219.1
Project("{F184B08F-C81C-45F6-A57F-5ABD9991F28F}") = "01. Runners homepage", "01. Runners homepage\01. Runners homepage.vbproj", "{7DF1EBE5-9AE6-40E8-9833-6A8662A6DD4C}"
EndProject
Project("{F184B08F-C81C-45F6-A57F-5ABD9991F28F}") = "02. Nested lists", "02. Nested lists\02. Nested lists.vbproj", "{FA26E62C-575B-48C2-BC37-FFDE8157F849}"
EndProject
Project("{F184B08F-C81C-45F6-A57F-5ABD9991F28F}") = "03. Social Site", "03. Social Site\03. Social Site.vbproj", "{6257DA6E-2668-4BB2-8531-587B4D491349}"
EndProject
Global
	GlobalSection(SolutionConfigurationPlatforms) = preSolution
		Debug|Any CPU = Debug|Any CPU
		Release|Any CPU = Release|Any CPU
	EndGlobalSection
	GlobalSection(ProjectConfigurationPlatforms) = postSolution
		{7DF1EBE5-9AE6-40E8-9833-6A8662A6DD4C}.Debug|Any CPU.ActiveCfg = Debug|Any CPU
		{7DF1EBE5-9AE6-40E8-9833-6A8662A6DD4C}.Debug|Any CPU.Build.0 = Debug|Any CPU
		{7DF1EBE5-9AE6-40E8-9833-6A8662A6DD4C}.Release|Any CPU.ActiveCfg = Release|Any CPU
		{7DF1EBE5-9AE6-40E8-9833-6A8662A6DD4C}.Release|Any CPU.Build.0 = Release|Any CPU
		{FA26E62C-575B-48C2-BC37-FFDE8157F849}.Debug|Any CPU.ActiveCfg = Debug|Any CPU
		{FA26E62C-575B-48C2-BC37-FFDE8157F849}.Debug|Any CPU.Build.0 = Debug|Any CPU
		{FA26E62C-575B-48C2-BC37-FFDE8157F849}.Release|Any CPU.ActiveCfg = Release|Any CPU
		{FA26E62C-575B-48C2-BC37-FFDE8157F849}.Release|Any CPU.Build.0 = Release|Any CPU
		{6257DA6E-2668-4BB2-8531-587B4D491349}.Debug|Any CPU.ActiveCfg = Debug|Any CPU
		{6257DA6E-2668-4BB2-8531-587B4D491349}.Debug|Any CPU.Build.0 = Debug|Any CPU
		{6257DA6E-2668-4BB2-8531-587B4D491349}.Release|Any CPU.ActiveCfg = Release|Any CPU
		{6257DA6E-2668-4BB2-8531-587B4D491349}.Release|Any CPU.Build.0 = Release|Any CPU
	EndGlobalSection
	GlobalSection(SolutionProperties) = preSolution
		HideSolutionNode = FALSE
	EndGlobalSection
EndGlobal
