
Microsoft Visual Studio Solution File, Format Version 12.00
# Visual Studio 2013
VisualStudioVersion = 12.0.31101.0
MinimumVisualStudioVersion = 10.0.40219.1
Project("{F184B08F-C81C-45F6-A57F-5ABD9991F28F}") = "01. Fresh fruits", "01. Fresh fruits\01. Fresh fruits.vbproj", "{BCCBD15B-BA7F-4736-B5C6-AF952EAE4F08}"
EndProject
Project("{F184B08F-C81C-45F6-A57F-5ABD9991F28F}") = "02. HTML Form", "02. HTML Form\02. HTML Form.vbproj", "{AFD4D9EA-AB11-4E7B-A5A8-BC5586E99AFD}"
EndProject
Project("{F184B08F-C81C-45F6-A57F-5ABD9991F28F}") = "03. Calculator", "03. Calculator\03. Calculator.vbproj", "{E954B0B5-4356-4F99-95F6-CB870270B483}"
EndProject
Global
	GlobalSection(SolutionConfigurationPlatforms) = preSolution
		Debug|Any CPU = Debug|Any CPU
		Release|Any CPU = Release|Any CPU
	EndGlobalSection
	GlobalSection(ProjectConfigurationPlatforms) = postSolution
		{BCCBD15B-BA7F-4736-B5C6-AF952EAE4F08}.Debug|Any CPU.ActiveCfg = Debug|Any CPU
		{BCCBD15B-BA7F-4736-B5C6-AF952EAE4F08}.Debug|Any CPU.Build.0 = Debug|Any CPU
		{BCCBD15B-BA7F-4736-B5C6-AF952EAE4F08}.Release|Any CPU.ActiveCfg = Release|Any CPU
		{BCCBD15B-BA7F-4736-B5C6-AF952EAE4F08}.Release|Any CPU.Build.0 = Release|Any CPU
		{AFD4D9EA-AB11-4E7B-A5A8-BC5586E99AFD}.Debug|Any CPU.ActiveCfg = Debug|Any CPU
		{AFD4D9EA-AB11-4E7B-A5A8-BC5586E99AFD}.Debug|Any CPU.Build.0 = Debug|Any CPU
		{AFD4D9EA-AB11-4E7B-A5A8-BC5586E99AFD}.Release|Any CPU.ActiveCfg = Release|Any CPU
		{AFD4D9EA-AB11-4E7B-A5A8-BC5586E99AFD}.Release|Any CPU.Build.0 = Release|Any CPU
		{E954B0B5-4356-4F99-95F6-CB870270B483}.Debug|Any CPU.ActiveCfg = Debug|Any CPU
		{E954B0B5-4356-4F99-95F6-CB870270B483}.Debug|Any CPU.Build.0 = Debug|Any CPU
		{E954B0B5-4356-4F99-95F6-CB870270B483}.Release|Any CPU.ActiveCfg = Release|Any CPU
		{E954B0B5-4356-4F99-95F6-CB870270B483}.Release|Any CPU.Build.0 = Release|Any CPU
	EndGlobalSection
	GlobalSection(SolutionProperties) = preSolution
		HideSolutionNode = FALSE
	EndGlobalSection
EndGlobal
