
Microsoft Visual Studio Solution File, Format Version 12.00
# Visual Studio 14
VisualStudioVersion = 14.0.24720.0
MinimumVisualStudioVersion = 10.0.40219.1
Project("{FAE04EC0-301F-11D3-BF4B-00C04F79EFBC}") = "BrowserDemo", "App1\BrowserDemo.csproj", "{7017CA61-8702-4A25-B26A-E688E39266EE}"
EndProject
Project("{FAE04EC0-301F-11D3-BF4B-00C04F79EFBC}") = "DBListControls1", "UWPControls\DBListControls1.csproj", "{523ED8B6-487C-4A88-B641-B700878D3E29}"
EndProject
Project("{FAE04EC0-301F-11D3-BF4B-00C04F79EFBC}") = "DBListControls0", "DB ListControls2\DBListControls0.csproj", "{6CC0DC88-232A-4AD3-9870-246E2C93BB75}"
EndProject
Project("{FAE04EC0-301F-11D3-BF4B-00C04F79EFBC}") = "DBListControls2", "DB ListControls1\DBListControls2.csproj", "{721E8ED3-C6CE-4BAB-A7C4-9E660C3AF614}"
EndProject
Project("{FAE04EC0-301F-11D3-BF4B-00C04F79EFBC}") = "DBListControls3", "DB ListControls3\DBListControls3.csproj", "{C5E20614-4576-432E-B990-5911DC008116}"
EndProject
Project("{FAE04EC0-301F-11D3-BF4B-00C04F79EFBC}") = "DBListControls4", "DB ListControls4\DBListControls4.csproj", "{7D651797-620E-4AE3-B037-D079A09C842A}"
EndProject
Global
	GlobalSection(SolutionConfigurationPlatforms) = preSolution
		Debug|ARM = Debug|ARM
		Debug|x64 = Debug|x64
		Debug|x86 = Debug|x86
		Release|ARM = Release|ARM
		Release|x64 = Release|x64
		Release|x86 = Release|x86
	EndGlobalSection
	GlobalSection(ProjectConfigurationPlatforms) = postSolution
		{7017CA61-8702-4A25-B26A-E688E39266EE}.Debug|ARM.ActiveCfg = Debug|ARM
		{7017CA61-8702-4A25-B26A-E688E39266EE}.Debug|ARM.Build.0 = Debug|ARM
		{7017CA61-8702-4A25-B26A-E688E39266EE}.Debug|ARM.Deploy.0 = Debug|ARM
		{7017CA61-8702-4A25-B26A-E688E39266EE}.Debug|x64.ActiveCfg = Debug|x64
		{7017CA61-8702-4A25-B26A-E688E39266EE}.Debug|x64.Build.0 = Debug|x64
		{7017CA61-8702-4A25-B26A-E688E39266EE}.Debug|x64.Deploy.0 = Debug|x64
		{7017CA61-8702-4A25-B26A-E688E39266EE}.Debug|x86.ActiveCfg = Debug|x86
		{7017CA61-8702-4A25-B26A-E688E39266EE}.Debug|x86.Build.0 = Debug|x86
		{7017CA61-8702-4A25-B26A-E688E39266EE}.Debug|x86.Deploy.0 = Debug|x86
		{7017CA61-8702-4A25-B26A-E688E39266EE}.Release|ARM.ActiveCfg = Release|ARM
		{7017CA61-8702-4A25-B26A-E688E39266EE}.Release|ARM.Build.0 = Release|ARM
		{7017CA61-8702-4A25-B26A-E688E39266EE}.Release|ARM.Deploy.0 = Release|ARM
		{7017CA61-8702-4A25-B26A-E688E39266EE}.Release|x64.ActiveCfg = Release|x64
		{7017CA61-8702-4A25-B26A-E688E39266EE}.Release|x64.Build.0 = Release|x64
		{7017CA61-8702-4A25-B26A-E688E39266EE}.Release|x64.Deploy.0 = Release|x64
		{7017CA61-8702-4A25-B26A-E688E39266EE}.Release|x86.ActiveCfg = Release|x86
		{7017CA61-8702-4A25-B26A-E688E39266EE}.Release|x86.Build.0 = Release|x86
		{7017CA61-8702-4A25-B26A-E688E39266EE}.Release|x86.Deploy.0 = Release|x86
		{523ED8B6-487C-4A88-B641-B700878D3E29}.Debug|ARM.ActiveCfg = Debug|ARM
		{523ED8B6-487C-4A88-B641-B700878D3E29}.Debug|ARM.Build.0 = Debug|ARM
		{523ED8B6-487C-4A88-B641-B700878D3E29}.Debug|ARM.Deploy.0 = Debug|ARM
		{523ED8B6-487C-4A88-B641-B700878D3E29}.Debug|x64.ActiveCfg = Debug|x64
		{523ED8B6-487C-4A88-B641-B700878D3E29}.Debug|x64.Build.0 = Debug|x64
		{523ED8B6-487C-4A88-B641-B700878D3E29}.Debug|x64.Deploy.0 = Debug|x64
		{523ED8B6-487C-4A88-B641-B700878D3E29}.Debug|x86.ActiveCfg = Debug|x86
		{523ED8B6-487C-4A88-B641-B700878D3E29}.Debug|x86.Build.0 = Debug|x86
		{523ED8B6-487C-4A88-B641-B700878D3E29}.Debug|x86.Deploy.0 = Debug|x86
		{523ED8B6-487C-4A88-B641-B700878D3E29}.Release|ARM.ActiveCfg = Release|ARM
		{523ED8B6-487C-4A88-B641-B700878D3E29}.Release|ARM.Build.0 = Release|ARM
		{523ED8B6-487C-4A88-B641-B700878D3E29}.Release|ARM.Deploy.0 = Release|ARM
		{523ED8B6-487C-4A88-B641-B700878D3E29}.Release|x64.ActiveCfg = Release|x64
		{523ED8B6-487C-4A88-B641-B700878D3E29}.Release|x64.Build.0 = Release|x64
		{523ED8B6-487C-4A88-B641-B700878D3E29}.Release|x64.Deploy.0 = Release|x64
		{523ED8B6-487C-4A88-B641-B700878D3E29}.Release|x86.ActiveCfg = Release|x86
		{523ED8B6-487C-4A88-B641-B700878D3E29}.Release|x86.Build.0 = Release|x86
		{523ED8B6-487C-4A88-B641-B700878D3E29}.Release|x86.Deploy.0 = Release|x86
		{6CC0DC88-232A-4AD3-9870-246E2C93BB75}.Debug|ARM.ActiveCfg = Debug|ARM
		{6CC0DC88-232A-4AD3-9870-246E2C93BB75}.Debug|ARM.Build.0 = Debug|ARM
		{6CC0DC88-232A-4AD3-9870-246E2C93BB75}.Debug|ARM.Deploy.0 = Debug|ARM
		{6CC0DC88-232A-4AD3-9870-246E2C93BB75}.Debug|x64.ActiveCfg = Debug|x64
		{6CC0DC88-232A-4AD3-9870-246E2C93BB75}.Debug|x64.Build.0 = Debug|x64
		{6CC0DC88-232A-4AD3-9870-246E2C93BB75}.Debug|x64.Deploy.0 = Debug|x64
		{6CC0DC88-232A-4AD3-9870-246E2C93BB75}.Debug|x86.ActiveCfg = Debug|x86
		{6CC0DC88-232A-4AD3-9870-246E2C93BB75}.Debug|x86.Build.0 = Debug|x86
		{6CC0DC88-232A-4AD3-9870-246E2C93BB75}.Debug|x86.Deploy.0 = Debug|x86
		{6CC0DC88-232A-4AD3-9870-246E2C93BB75}.Release|ARM.ActiveCfg = Release|ARM
		{6CC0DC88-232A-4AD3-9870-246E2C93BB75}.Release|ARM.Build.0 = Release|ARM
		{6CC0DC88-232A-4AD3-9870-246E2C93BB75}.Release|ARM.Deploy.0 = Release|ARM
		{6CC0DC88-232A-4AD3-9870-246E2C93BB75}.Release|x64.ActiveCfg = Release|x64
		{6CC0DC88-232A-4AD3-9870-246E2C93BB75}.Release|x64.Build.0 = Release|x64
		{6CC0DC88-232A-4AD3-9870-246E2C93BB75}.Release|x64.Deploy.0 = Release|x64
		{6CC0DC88-232A-4AD3-9870-246E2C93BB75}.Release|x86.ActiveCfg = Release|x86
		{6CC0DC88-232A-4AD3-9870-246E2C93BB75}.Release|x86.Build.0 = Release|x86
		{6CC0DC88-232A-4AD3-9870-246E2C93BB75}.Release|x86.Deploy.0 = Release|x86
		{721E8ED3-C6CE-4BAB-A7C4-9E660C3AF614}.Debug|ARM.ActiveCfg = Debug|ARM
		{721E8ED3-C6CE-4BAB-A7C4-9E660C3AF614}.Debug|ARM.Build.0 = Debug|ARM
		{721E8ED3-C6CE-4BAB-A7C4-9E660C3AF614}.Debug|ARM.Deploy.0 = Debug|ARM
		{721E8ED3-C6CE-4BAB-A7C4-9E660C3AF614}.Debug|x64.ActiveCfg = Debug|x64
		{721E8ED3-C6CE-4BAB-A7C4-9E660C3AF614}.Debug|x64.Build.0 = Debug|x64
		{721E8ED3-C6CE-4BAB-A7C4-9E660C3AF614}.Debug|x64.Deploy.0 = Debug|x64
		{721E8ED3-C6CE-4BAB-A7C4-9E660C3AF614}.Debug|x86.ActiveCfg = Debug|x86
		{721E8ED3-C6CE-4BAB-A7C4-9E660C3AF614}.Debug|x86.Build.0 = Debug|x86
		{721E8ED3-C6CE-4BAB-A7C4-9E660C3AF614}.Debug|x86.Deploy.0 = Debug|x86
		{721E8ED3-C6CE-4BAB-A7C4-9E660C3AF614}.Release|ARM.ActiveCfg = Release|ARM
		{721E8ED3-C6CE-4BAB-A7C4-9E660C3AF614}.Release|ARM.Build.0 = Release|ARM
		{721E8ED3-C6CE-4BAB-A7C4-9E660C3AF614}.Release|ARM.Deploy.0 = Release|ARM
		{721E8ED3-C6CE-4BAB-A7C4-9E660C3AF614}.Release|x64.ActiveCfg = Release|x64
		{721E8ED3-C6CE-4BAB-A7C4-9E660C3AF614}.Release|x64.Build.0 = Release|x64
		{721E8ED3-C6CE-4BAB-A7C4-9E660C3AF614}.Release|x64.Deploy.0 = Release|x64
		{721E8ED3-C6CE-4BAB-A7C4-9E660C3AF614}.Release|x86.ActiveCfg = Release|x86
		{721E8ED3-C6CE-4BAB-A7C4-9E660C3AF614}.Release|x86.Build.0 = Release|x86
		{721E8ED3-C6CE-4BAB-A7C4-9E660C3AF614}.Release|x86.Deploy.0 = Release|x86
		{C5E20614-4576-432E-B990-5911DC008116}.Debug|ARM.ActiveCfg = Debug|ARM
		{C5E20614-4576-432E-B990-5911DC008116}.Debug|ARM.Build.0 = Debug|ARM
		{C5E20614-4576-432E-B990-5911DC008116}.Debug|ARM.Deploy.0 = Debug|ARM
		{C5E20614-4576-432E-B990-5911DC008116}.Debug|x64.ActiveCfg = Debug|x64
		{C5E20614-4576-432E-B990-5911DC008116}.Debug|x64.Build.0 = Debug|x64
		{C5E20614-4576-432E-B990-5911DC008116}.Debug|x64.Deploy.0 = Debug|x64
		{C5E20614-4576-432E-B990-5911DC008116}.Debug|x86.ActiveCfg = Debug|x86
		{C5E20614-4576-432E-B990-5911DC008116}.Debug|x86.Build.0 = Debug|x86
		{C5E20614-4576-432E-B990-5911DC008116}.Debug|x86.Deploy.0 = Debug|x86
		{C5E20614-4576-432E-B990-5911DC008116}.Release|ARM.ActiveCfg = Release|ARM
		{C5E20614-4576-432E-B990-5911DC008116}.Release|ARM.Build.0 = Release|ARM
		{C5E20614-4576-432E-B990-5911DC008116}.Release|ARM.Deploy.0 = Release|ARM
		{C5E20614-4576-432E-B990-5911DC008116}.Release|x64.ActiveCfg = Release|x64
		{C5E20614-4576-432E-B990-5911DC008116}.Release|x64.Build.0 = Release|x64
		{C5E20614-4576-432E-B990-5911DC008116}.Release|x64.Deploy.0 = Release|x64
		{C5E20614-4576-432E-B990-5911DC008116}.Release|x86.ActiveCfg = Release|x86
		{C5E20614-4576-432E-B990-5911DC008116}.Release|x86.Build.0 = Release|x86
		{C5E20614-4576-432E-B990-5911DC008116}.Release|x86.Deploy.0 = Release|x86
		{7D651797-620E-4AE3-B037-D079A09C842A}.Debug|ARM.ActiveCfg = Debug|ARM
		{7D651797-620E-4AE3-B037-D079A09C842A}.Debug|ARM.Build.0 = Debug|ARM
		{7D651797-620E-4AE3-B037-D079A09C842A}.Debug|ARM.Deploy.0 = Debug|ARM
		{7D651797-620E-4AE3-B037-D079A09C842A}.Debug|x64.ActiveCfg = Debug|x64
		{7D651797-620E-4AE3-B037-D079A09C842A}.Debug|x64.Build.0 = Debug|x64
		{7D651797-620E-4AE3-B037-D079A09C842A}.Debug|x64.Deploy.0 = Debug|x64
		{7D651797-620E-4AE3-B037-D079A09C842A}.Debug|x86.ActiveCfg = Debug|x86
		{7D651797-620E-4AE3-B037-D079A09C842A}.Debug|x86.Build.0 = Debug|x86
		{7D651797-620E-4AE3-B037-D079A09C842A}.Debug|x86.Deploy.0 = Debug|x86
		{7D651797-620E-4AE3-B037-D079A09C842A}.Release|ARM.ActiveCfg = Release|ARM
		{7D651797-620E-4AE3-B037-D079A09C842A}.Release|ARM.Build.0 = Release|ARM
		{7D651797-620E-4AE3-B037-D079A09C842A}.Release|ARM.Deploy.0 = Release|ARM
		{7D651797-620E-4AE3-B037-D079A09C842A}.Release|x64.ActiveCfg = Release|x64
		{7D651797-620E-4AE3-B037-D079A09C842A}.Release|x64.Build.0 = Release|x64
		{7D651797-620E-4AE3-B037-D079A09C842A}.Release|x64.Deploy.0 = Release|x64
		{7D651797-620E-4AE3-B037-D079A09C842A}.Release|x86.ActiveCfg = Release|x86
		{7D651797-620E-4AE3-B037-D079A09C842A}.Release|x86.Build.0 = Release|x86
		{7D651797-620E-4AE3-B037-D079A09C842A}.Release|x86.Deploy.0 = Release|x86
	EndGlobalSection
	GlobalSection(SolutionProperties) = preSolution
		HideSolutionNode = FALSE
	EndGlobalSection
EndGlobal
