
Microsoft Visual Studio Solution File, Format Version 12.00
# Visual Studio 14
VisualStudioVersion = 14.0.23107.0
MinimumVisualStudioVersion = 10.0.40219.1
Project("{FAE04EC0-301F-11D3-BF4B-00C04F79EFBC}") = "Palindromize", "Palindromize\Palindromize.csproj", "{4D2AAE2E-6533-49B8-A29B-9E0891A82B98}"
EndProject
Project("{FAE04EC0-301F-11D3-BF4B-00C04F79EFBC}") = "ColoredRabbits", "ColoredRabbits\ColoredRabbits.csproj", "{DD665E11-F71C-4AE9-A0BF-B3E7562F613A}"
EndProject
Project("{FAE04EC0-301F-11D3-BF4B-00C04F79EFBC}") = "RepeatingPattern", "RepeatingPattern\RepeatingPattern.csproj", "{222B39B5-D9EF-45F9-B295-9EB6725694BD}"
EndProject
Project("{FAE04EC0-301F-11D3-BF4B-00C04F79EFBC}") = "RepeatingPatternMyTry", "RepeatingPatternMyTry\RepeatingPatternMyTry.csproj", "{710BD2A2-0DC5-4AF1-8E4D-3CCDBA0E642E}"
EndProject
Global
	GlobalSection(SolutionConfigurationPlatforms) = preSolution
		Debug|Any CPU = Debug|Any CPU
		Release|Any CPU = Release|Any CPU
	EndGlobalSection
	GlobalSection(ProjectConfigurationPlatforms) = postSolution
		{4D2AAE2E-6533-49B8-A29B-9E0891A82B98}.Debug|Any CPU.ActiveCfg = Debug|Any CPU
		{4D2AAE2E-6533-49B8-A29B-9E0891A82B98}.Debug|Any CPU.Build.0 = Debug|Any CPU
		{4D2AAE2E-6533-49B8-A29B-9E0891A82B98}.Release|Any CPU.ActiveCfg = Release|Any CPU
		{4D2AAE2E-6533-49B8-A29B-9E0891A82B98}.Release|Any CPU.Build.0 = Release|Any CPU
		{DD665E11-F71C-4AE9-A0BF-B3E7562F613A}.Debug|Any CPU.ActiveCfg = Debug|Any CPU
		{DD665E11-F71C-4AE9-A0BF-B3E7562F613A}.Debug|Any CPU.Build.0 = Debug|Any CPU
		{DD665E11-F71C-4AE9-A0BF-B3E7562F613A}.Release|Any CPU.ActiveCfg = Release|Any CPU
		{DD665E11-F71C-4AE9-A0BF-B3E7562F613A}.Release|Any CPU.Build.0 = Release|Any CPU
		{222B39B5-D9EF-45F9-B295-9EB6725694BD}.Debug|Any CPU.ActiveCfg = Debug|Any CPU
		{222B39B5-D9EF-45F9-B295-9EB6725694BD}.Debug|Any CPU.Build.0 = Debug|Any CPU
		{222B39B5-D9EF-45F9-B295-9EB6725694BD}.Release|Any CPU.ActiveCfg = Release|Any CPU
		{222B39B5-D9EF-45F9-B295-9EB6725694BD}.Release|Any CPU.Build.0 = Release|Any CPU
		{710BD2A2-0DC5-4AF1-8E4D-3CCDBA0E642E}.Debug|Any CPU.ActiveCfg = Debug|Any CPU
		{710BD2A2-0DC5-4AF1-8E4D-3CCDBA0E642E}.Debug|Any CPU.Build.0 = Debug|Any CPU
		{710BD2A2-0DC5-4AF1-8E4D-3CCDBA0E642E}.Release|Any CPU.ActiveCfg = Release|Any CPU
		{710BD2A2-0DC5-4AF1-8E4D-3CCDBA0E642E}.Release|Any CPU.Build.0 = Release|Any CPU
	EndGlobalSection
	GlobalSection(SolutionProperties) = preSolution
		HideSolutionNode = FALSE
	EndGlobalSection
EndGlobal
