
Microsoft Visual Studio Solution File, Format Version 12.00
# Visual Studio 14
VisualStudioVersion = 14.0.23107.0
MinimumVisualStudioVersion = 10.0.40219.1
Project("{FAE04EC0-301F-11D3-BF4B-00C04F79EFBC}") = "01-Garbage", "01-Garbage\01-Garbage.csproj", "{82A1F712-B4E4-42D0-9BC0-0B7F1AAECDEC}"
EndProject
Project("{FAE04EC0-301F-11D3-BF4B-00C04F79EFBC}") = "04-Actions", "04-Actions\04-Actions.csproj", "{52B94A56-7CF9-4856-8826-42050D80D46B}"
EndProject
Global
	GlobalSection(SolutionConfigurationPlatforms) = preSolution
		Debug|Any CPU = Debug|Any CPU
		Release|Any CPU = Release|Any CPU
	EndGlobalSection
	GlobalSection(ProjectConfigurationPlatforms) = postSolution
		{82A1F712-B4E4-42D0-9BC0-0B7F1AAECDEC}.Debug|Any CPU.ActiveCfg = Debug|Any CPU
		{82A1F712-B4E4-42D0-9BC0-0B7F1AAECDEC}.Debug|Any CPU.Build.0 = Debug|Any CPU
		{82A1F712-B4E4-42D0-9BC0-0B7F1AAECDEC}.Release|Any CPU.ActiveCfg = Release|Any CPU
		{82A1F712-B4E4-42D0-9BC0-0B7F1AAECDEC}.Release|Any CPU.Build.0 = Release|Any CPU
		{52B94A56-7CF9-4856-8826-42050D80D46B}.Debug|Any CPU.ActiveCfg = Debug|Any CPU
		{52B94A56-7CF9-4856-8826-42050D80D46B}.Debug|Any CPU.Build.0 = Debug|Any CPU
		{52B94A56-7CF9-4856-8826-42050D80D46B}.Release|Any CPU.ActiveCfg = Release|Any CPU
		{52B94A56-7CF9-4856-8826-42050D80D46B}.Release|Any CPU.Build.0 = Release|Any CPU
	EndGlobalSection
	GlobalSection(SolutionProperties) = preSolution
		HideSolutionNode = FALSE
	EndGlobalSection
EndGlobal
