
Microsoft Visual Studio Solution File, Format Version 12.00
# Visual Studio 2013
VisualStudioVersion = 12.0.31101.0
MinimumVisualStudioVersion = 10.0.40219.1
Project("{FAE04EC0-301F-11D3-BF4B-00C04F79EFBC}") = "01. Refactoring", "01. Refactoring\01. Refactoring.csproj", "{44047A89-E0C2-4B21-A6B3-0055EB131BEC}"
EndProject
Project("{FAE04EC0-301F-11D3-BF4B-00C04F79EFBC}") = "02. Student System", "02. Student System\02. Student System.csproj", "{A44382F3-230C-4721-B78B-C14DE157F355}"
EndProject
Project("{FAE04EC0-301F-11D3-BF4B-00C04F79EFBC}") = "03. LinkedIn", "03. LinkedIn\03. LinkedIn.csproj", "{92F72E49-E383-4449-979B-886538BAE67F}"
EndProject
Global
	GlobalSection(SolutionConfigurationPlatforms) = preSolution
		Debug|Any CPU = Debug|Any CPU
		Release|Any CPU = Release|Any CPU
	EndGlobalSection
	GlobalSection(ProjectConfigurationPlatforms) = postSolution
		{44047A89-E0C2-4B21-A6B3-0055EB131BEC}.Debug|Any CPU.ActiveCfg = Debug|Any CPU
		{44047A89-E0C2-4B21-A6B3-0055EB131BEC}.Debug|Any CPU.Build.0 = Debug|Any CPU
		{44047A89-E0C2-4B21-A6B3-0055EB131BEC}.Release|Any CPU.ActiveCfg = Release|Any CPU
		{44047A89-E0C2-4B21-A6B3-0055EB131BEC}.Release|Any CPU.Build.0 = Release|Any CPU
		{A44382F3-230C-4721-B78B-C14DE157F355}.Debug|Any CPU.ActiveCfg = Debug|Any CPU
		{A44382F3-230C-4721-B78B-C14DE157F355}.Debug|Any CPU.Build.0 = Debug|Any CPU
		{A44382F3-230C-4721-B78B-C14DE157F355}.Release|Any CPU.ActiveCfg = Release|Any CPU
		{A44382F3-230C-4721-B78B-C14DE157F355}.Release|Any CPU.Build.0 = Release|Any CPU
		{92F72E49-E383-4449-979B-886538BAE67F}.Debug|Any CPU.ActiveCfg = Debug|Any CPU
		{92F72E49-E383-4449-979B-886538BAE67F}.Debug|Any CPU.Build.0 = Debug|Any CPU
		{92F72E49-E383-4449-979B-886538BAE67F}.Release|Any CPU.ActiveCfg = Release|Any CPU
		{92F72E49-E383-4449-979B-886538BAE67F}.Release|Any CPU.Build.0 = Release|Any CPU
	EndGlobalSection
	GlobalSection(SolutionProperties) = preSolution
		HideSolutionNode = FALSE
	EndGlobalSection
EndGlobal
