
Microsoft Visual Studio Solution File, Format Version 12.00
# Visual Studio 2013
VisualStudioVersion = 12.0.40629.0
MinimumVisualStudioVersion = 10.0.40219.1
Project("{FAE04EC0-301F-11D3-BF4B-00C04F79EFBC}") = "Santase.Logic", "..\Santase.Logic\Santase.Logic.csproj", "{76FD6AC0-6F00-4F92-8857-876E60AA9FE6}"
EndProject
Project("{FAE04EC0-301F-11D3-BF4B-00C04F79EFBC}") = "DeckTests", "..\Deck.Tests\DeckTests.csproj", "{1C1865A9-FCFA-4423-8D97-9D1FF0B7E2E9}"
EndProject
Project("{2150E333-8FDC-42A3-9474-1A3956D46DE8}") = ".nuget", ".nuget", "{2453AB8C-5E95-4E71-8E2D-430DEBBE44DA}"
	ProjectSection(SolutionItems) = preProject
		.nuget\packages.config = .nuget\packages.config
	EndProjectSection
EndProject
Global
	GlobalSection(SolutionConfigurationPlatforms) = preSolution
		Debug|Any CPU = Debug|Any CPU
		Release|Any CPU = Release|Any CPU
	EndGlobalSection
	GlobalSection(ProjectConfigurationPlatforms) = postSolution
		{76FD6AC0-6F00-4F92-8857-876E60AA9FE6}.Debug|Any CPU.ActiveCfg = Debug|Any CPU
		{76FD6AC0-6F00-4F92-8857-876E60AA9FE6}.Debug|Any CPU.Build.0 = Debug|Any CPU
		{76FD6AC0-6F00-4F92-8857-876E60AA9FE6}.Release|Any CPU.ActiveCfg = Release|Any CPU
		{76FD6AC0-6F00-4F92-8857-876E60AA9FE6}.Release|Any CPU.Build.0 = Release|Any CPU
		{1C1865A9-FCFA-4423-8D97-9D1FF0B7E2E9}.Debug|Any CPU.ActiveCfg = Debug|Any CPU
		{1C1865A9-FCFA-4423-8D97-9D1FF0B7E2E9}.Debug|Any CPU.Build.0 = Debug|Any CPU
		{1C1865A9-FCFA-4423-8D97-9D1FF0B7E2E9}.Release|Any CPU.ActiveCfg = Release|Any CPU
		{1C1865A9-FCFA-4423-8D97-9D1FF0B7E2E9}.Release|Any CPU.Build.0 = Release|Any CPU
	EndGlobalSection
	GlobalSection(SolutionProperties) = preSolution
		HideSolutionNode = FALSE
	EndGlobalSection
EndGlobal
