
Microsoft Visual Studio Solution File, Format Version 12.00
# Visual Studio 2013
VisualStudioVersion = 12.0.40629.0
MinimumVisualStudioVersion = 10.0.40219.1
Project("{FAE04EC0-301F-11D3-BF4B-00C04F79EFBC}") = "School", "01.StudentsAndCourses\School.csproj", "{A1C33276-2B74-4CB7-AB87-1384C0653385}"
EndProject
Project("{FAE04EC0-301F-11D3-BF4B-00C04F79EFBC}") = "School.Tests", "School.Tests\School.Tests.csproj", "{AEAAE8E2-30BE-4294-A494-2012D97CB11B}"
EndProject
Global
	GlobalSection(SolutionConfigurationPlatforms) = preSolution
		Debug|Any CPU = Debug|Any CPU
		Release|Any CPU = Release|Any CPU
	EndGlobalSection
	GlobalSection(ProjectConfigurationPlatforms) = postSolution
		{A1C33276-2B74-4CB7-AB87-1384C0653385}.Debug|Any CPU.ActiveCfg = Debug|Any CPU
		{A1C33276-2B74-4CB7-AB87-1384C0653385}.Debug|Any CPU.Build.0 = Debug|Any CPU
		{A1C33276-2B74-4CB7-AB87-1384C0653385}.Release|Any CPU.ActiveCfg = Release|Any CPU
		{A1C33276-2B74-4CB7-AB87-1384C0653385}.Release|Any CPU.Build.0 = Release|Any CPU
		{AEAAE8E2-30BE-4294-A494-2012D97CB11B}.Debug|Any CPU.ActiveCfg = Debug|Any CPU
		{AEAAE8E2-30BE-4294-A494-2012D97CB11B}.Debug|Any CPU.Build.0 = Debug|Any CPU
		{AEAAE8E2-30BE-4294-A494-2012D97CB11B}.Release|Any CPU.ActiveCfg = Release|Any CPU
		{AEAAE8E2-30BE-4294-A494-2012D97CB11B}.Release|Any CPU.Build.0 = Release|Any CPU
	EndGlobalSection
	GlobalSection(SolutionProperties) = preSolution
		HideSolutionNode = FALSE
	EndGlobalSection
EndGlobal
